
Microsoft Visual Studio Solution File, Format Version 12.00
# Visual Studio 15
VisualStudioVersion = 15.0.26730.16
MinimumVisualStudioVersion = 10.0.40219.1
Project("{FAE04EC0-301F-11D3-BF4B-00C04F79EFBC}") = "Brainfuck", "Brainfuck.csproj", "{5E9519C1-B989-6019-6D60-3EBE69B240E4}"
EndProject
Project("{FAE04EC0-301F-11D3-BF4B-00C04F79EFBC}") = "Brainfuck.Editor", "Brainfuck.Editor.csproj", "{C9A9B386-3B9D-234F-2EDA-4535B4478D61}"
EndProject
Global
	GlobalSection(SolutionConfigurationPlatforms) = preSolution
		Debug|Any CPU = Debug|Any CPU
		Release|Any CPU = Release|Any CPU
	EndGlobalSection
	GlobalSection(ProjectConfigurationPlatforms) = postSolution
		{5E9519C1-B989-6019-6D60-3EBE69B240E4}.Debug|Any CPU.ActiveCfg = Debug|Any CPU
		{5E9519C1-B989-6019-6D60-3EBE69B240E4}.Debug|Any CPU.Build.0 = Debug|Any CPU
		{5E9519C1-B989-6019-6D60-3EBE69B240E4}.Release|Any CPU.ActiveCfg = Release|Any CPU
		{5E9519C1-B989-6019-6D60-3EBE69B240E4}.Release|Any CPU.Build.0 = Release|Any CPU
		{C9A9B386-3B9D-234F-2EDA-4535B4478D61}.Debug|Any CPU.ActiveCfg = Debug|Any CPU
		{C9A9B386-3B9D-234F-2EDA-4535B4478D61}.Debug|Any CPU.Build.0 = Debug|Any CPU
		{C9A9B386-3B9D-234F-2EDA-4535B4478D61}.Release|Any CPU.ActiveCfg = Release|Any CPU
		{C9A9B386-3B9D-234F-2EDA-4535B4478D61}.Release|Any CPU.Build.0 = Release|Any CPU
	EndGlobalSection
	GlobalSection(SolutionProperties) = preSolution
		HideSolutionNode = FALSE
	EndGlobalSection
	GlobalSection(ExtensibilityGlobals) = postSolution
		SolutionGuid = {477F2E57-9815-4E78-BF89-EE38393E183D}
	EndGlobalSection
EndGlobal
